// !$*UTF8*$!
{
	archiveVersion = 1;
	classes = {
	};
	objectVersion = 46;
	objects = {

/* Begin PBXBuildFile section */
		5599CBCA1E98F06100DC3129 /* main.m in Sources */ = {isa = PBXBuildFile; fileRef = 5599CBC91E98F06100DC3129 /* main.m */; };
		5599CBCD1E98F06100DC3129 /* AppDelegate.m in Sources */ = {isa = PBXBuildFile; fileRef = 5599CBCC1E98F06100DC3129 /* AppDelegate.m */; };
		5599CBD01E98F06100DC3129 /* ViewController.m in Sources */ = {isa = PBXBuildFile; fileRef = 5599CBCF1E98F06100DC3129 /* ViewController.m */; };
		5599CBD31E98F06100DC3129 /* Main.storyboard in Resources */ = {isa = PBXBuildFile; fileRef = 5599CBD11E98F06100DC3129 /* Main.storyboard */; };
		5599CBD51E98F06100DC3129 /* Assets.xcassets in Resources */ = {isa = PBXBuildFile; fileRef = 5599CBD41E98F06100DC3129 /* Assets.xcassets */; };
		5599CBD81E98F06100DC3129 /* LaunchScreen.storyboard in Resources */ = {isa = PBXBuildFile; fileRef = 5599CBD61E98F06100DC3129 /* LaunchScreen.storyboard */; };
		55A7D24C212BCC6200BA508C /* DCRequest.m in Sources */ = {isa = PBXBuildFile; fileRef = 55A7D23E212BCC6100BA508C /* DCRequest.m */; };
		55A7D24D212BCC6200BA508C /* DCHTTPResponseSerializer.h in Headers */ = {isa = PBXBuildFile; fileRef = 55A7D23F212BCC6100BA508C /* DCHTTPResponseSerializer.h */; };
		55A7D24E212BCC6200BA508C /* DCRequest.h in Headers */ = {isa = PBXBuildFile; fileRef = 55A7D240212BCC6100BA508C /* DCRequest.h */; };
		55A7D24F212BCC6200BA508C /* DCRequestCache.h in Headers */ = {isa = PBXBuildFile; fileRef = 55A7D241212BCC6100BA508C /* DCRequestCache.h */; };
		55A7D250212BCC6200BA508C /* Info.plist in Resources */ = {isa = PBXBuildFile; fileRef = 55A7D242212BCC6100BA508C /* Info.plist */; };
		55A7D251212BCC6200BA508C /* DCBaseRequest.h in Headers */ = {isa = PBXBuildFile; fileRef = 55A7D243212BCC6100BA508C /* DCBaseRequest.h */; };
		55A7D252212BCC6200BA508C /* DCHTTPResponseSerializer.m in Sources */ = {isa = PBXBuildFile; fileRef = 55A7D244212BCC6200BA508C /* DCHTTPResponseSerializer.m */; };
		55A7D253212BCC6200BA508C /* DCHTTPRequestSerializer.m in Sources */ = {isa = PBXBuildFile; fileRef = 55A7D245212BCC6200BA508C /* DCHTTPRequestSerializer.m */; };
		55A7D254212BCC6200BA508C /* DCRequestCache.m in Sources */ = {isa = PBXBuildFile; fileRef = 55A7D246212BCC6200BA508C /* DCRequestCache.m */; };
		55A7D255212BCC6200BA508C /* DCHTTPRequestSerializer.h in Headers */ = {isa = PBXBuildFile; fileRef = 55A7D247212BCC6200BA508C /* DCHTTPRequestSerializer.h */; };
		55A7D256212BCC6200BA508C /* DCRequestHandler.m in Sources */ = {isa = PBXBuildFile; fileRef = 55A7D248212BCC6200BA508C /* DCRequestHandler.m */; };
		55A7D257212BCC6200BA508C /* DCBaseRequest.m in Sources */ = {isa = PBXBuildFile; fileRef = 55A7D249212BCC6200BA508C /* DCBaseRequest.m */; };
		55A7D258212BCC6200BA508C /* DCNetwork.h in Headers */ = {isa = PBXBuildFile; fileRef = 55A7D24A212BCC6200BA508C /* DCNetwork.h */; };
		55A7D259212BCC6200BA508C /* DCRequestHandler.h in Headers */ = {isa = PBXBuildFile; fileRef = 55A7D24B212BCC6200BA508C /* DCRequestHandler.h */; };
		C4668DA890297597B5FC3C94 /* libPods-DCNetwork.a in Frameworks */ = {isa = PBXBuildFile; fileRef = 9A7BE0BC9E33BB64FB3C88C8 /* libPods-DCNetwork.a */; };
/* End PBXBuildFile section */

/* Begin PBXFileReference section */
		0D4D2A1B2FEA6B68C2A80C39 /* Pods-DCNetwork.debug.xcconfig */ = {isa = PBXFileReference; includeInIndex = 1; lastKnownFileType = text.xcconfig; name = "Pods-DCNetwork.debug.xcconfig"; path = "Pods/Target Support Files/Pods-DCNetwork/Pods-DCNetwork.debug.xcconfig"; sourceTree = "<group>"; };
		5599CB691E98D58200DC3129 /* DCNetwork.framework */ = {isa = PBXFileReference; explicitFileType = wrapper.framework; includeInIndex = 0; path = DCNetwork.framework; sourceTree = BUILT_PRODUCTS_DIR; };
		5599CBC61E98F06100DC3129 /* DCNetworkDemo.app */ = {isa = PBXFileReference; explicitFileType = wrapper.application; includeInIndex = 0; path = DCNetworkDemo.app; sourceTree = BUILT_PRODUCTS_DIR; };
		5599CBC91E98F06100DC3129 /* main.m */ = {isa = PBXFileReference; lastKnownFileType = sourcecode.c.objc; path = main.m; sourceTree = "<group>"; };
		5599CBCB1E98F06100DC3129 /* AppDelegate.h */ = {isa = PBXFileReference; lastKnownFileType = sourcecode.c.h; path = AppDelegate.h; sourceTree = "<group>"; };
		5599CBCC1E98F06100DC3129 /* AppDelegate.m */ = {isa = PBXFileReference; lastKnownFileType = sourcecode.c.objc; path = AppDelegate.m; sourceTree = "<group>"; };
		5599CBCE1E98F06100DC3129 /* ViewController.h */ = {isa = PBXFileReference; lastKnownFileType = sourcecode.c.h; path = ViewController.h; sourceTree = "<group>"; };
		5599CBCF1E98F06100DC3129 /* ViewController.m */ = {isa = PBXFileReference; lastKnownFileType = sourcecode.c.objc; path = ViewController.m; sourceTree = "<group>"; };
		5599CBD21E98F06100DC3129 /* Base */ = {isa = PBXFileReference; lastKnownFileType = file.storyboard; name = Base; path = Base.lproj/Main.storyboard; sourceTree = "<group>"; };
		5599CBD41E98F06100DC3129 /* Assets.xcassets */ = {isa = PBXFileReference; lastKnownFileType = folder.assetcatalog; path = Assets.xcassets; sourceTree = "<group>"; };
		5599CBD71E98F06100DC3129 /* Base */ = {isa = PBXFileReference; lastKnownFileType = file.storyboard; name = Base; path = Base.lproj/LaunchScreen.storyboard; sourceTree = "<group>"; };
		5599CBD91E98F06100DC3129 /* Info.plist */ = {isa = PBXFileReference; lastKnownFileType = text.plist.xml; path = Info.plist; sourceTree = "<group>"; };
		55A7D23E212BCC6100BA508C /* DCRequest.m */ = {isa = PBXFileReference; fileEncoding = 4; lastKnownFileType = sourcecode.c.objc; path = DCRequest.m; sourceTree = "<group>"; };
		55A7D23F212BCC6100BA508C /* DCHTTPResponseSerializer.h */ = {isa = PBXFileReference; fileEncoding = 4; lastKnownFileType = sourcecode.c.h; path = DCHTTPResponseSerializer.h; sourceTree = "<group>"; };
		55A7D240212BCC6100BA508C /* DCRequest.h */ = {isa = PBXFileReference; fileEncoding = 4; lastKnownFileType = sourcecode.c.h; path = DCRequest.h; sourceTree = "<group>"; };
		55A7D241212BCC6100BA508C /* DCRequestCache.h */ = {isa = PBXFileReference; fileEncoding = 4; lastKnownFileType = sourcecode.c.h; path = DCRequestCache.h; sourceTree = "<group>"; };
		55A7D242212BCC6100BA508C /* Info.plist */ = {isa = PBXFileReference; fileEncoding = 4; lastKnownFileType = text.plist.xml; path = Info.plist; sourceTree = "<group>"; };
		55A7D243212BCC6100BA508C /* DCBaseRequest.h */ = {isa = PBXFileReference; fileEncoding = 4; lastKnownFileType = sourcecode.c.h; path = DCBaseRequest.h; sourceTree = "<group>"; };
		55A7D244212BCC6200BA508C /* DCHTTPResponseSerializer.m */ = {isa = PBXFileReference; fileEncoding = 4; lastKnownFileType = sourcecode.c.objc; path = DCHTTPResponseSerializer.m; sourceTree = "<group>"; };
		55A7D245212BCC6200BA508C /* DCHTTPRequestSerializer.m */ = {isa = PBXFileReference; fileEncoding = 4; lastKnownFileType = sourcecode.c.objc; path = DCHTTPRequestSerializer.m; sourceTree = "<group>"; };
		55A7D246212BCC6200BA508C /* DCRequestCache.m */ = {isa = PBXFileReference; fileEncoding = 4; lastKnownFileType = sourcecode.c.objc; path = DCRequestCache.m; sourceTree = "<group>"; };
		55A7D247212BCC6200BA508C /* DCHTTPRequestSerializer.h */ = {isa = PBXFileReference; fileEncoding = 4; lastKnownFileType = sourcecode.c.h; path = DCHTTPRequestSerializer.h; sourceTree = "<group>"; };
		55A7D248212BCC6200BA508C /* DCRequestHandler.m */ = {isa = PBXFileReference; fileEncoding = 4; lastKnownFileType = sourcecode.c.objc; path = DCRequestHandler.m; sourceTree = "<group>"; };
		55A7D249212BCC6200BA508C /* DCBaseRequest.m */ = {isa = PBXFileReference; fileEncoding = 4; lastKnownFileType = sourcecode.c.objc; path = DCBaseRequest.m; sourceTree = "<group>"; };
		55A7D24A212BCC6200BA508C /* DCNetwork.h */ = {isa = PBXFileReference; fileEncoding = 4; lastKnownFileType = sourcecode.c.h; path = DCNetwork.h; sourceTree = "<group>"; };
		55A7D24B212BCC6200BA508C /* DCRequestHandler.h */ = {isa = PBXFileReference; fileEncoding = 4; lastKnownFileType = sourcecode.c.h; path = DCRequestHandler.h; sourceTree = "<group>"; };
		5E02E664B3E6D8C3526E00DD /* Pods-DCNetwork.release.xcconfig */ = {isa = PBXFileReference; includeInIndex = 1; lastKnownFileType = text.xcconfig; name = "Pods-DCNetwork.release.xcconfig"; path = "Pods/Target Support Files/Pods-DCNetwork/Pods-DCNetwork.release.xcconfig"; sourceTree = "<group>"; };
		9A7BE0BC9E33BB64FB3C88C8 /* libPods-DCNetwork.a */ = {isa = PBXFileReference; explicitFileType = archive.ar; includeInIndex = 0; path = "libPods-DCNetwork.a"; sourceTree = BUILT_PRODUCTS_DIR; };
/* End PBXFileReference section */

/* Begin PBXFrameworksBuildPhase section */
		5599CB651E98D58200DC3129 /* Frameworks */ = {
			isa = PBXFrameworksBuildPhase;
			buildActionMask = 2147483647;
			files = (
				C4668DA890297597B5FC3C94 /* libPods-DCNetwork.a in Frameworks */,
			);
			runOnlyForDeploymentPostprocessing = 0;
		};
		5599CBC31E98F06100DC3129 /* Frameworks */ = {
			isa = PBXFrameworksBuildPhase;
			buildActionMask = 2147483647;
			files = (
			);
			runOnlyForDeploymentPostprocessing = 0;
		};
/* End PBXFrameworksBuildPhase section */

/* Begin PBXGroup section */
		5599CB5F1E98D58200DC3129 = {
			isa = PBXGroup;
			children = (
				5599CB6B1E98D58200DC3129 /* DCNetwork */,
				5599CBC71E98F06100DC3129 /* DCNetworkDemo */,
				5599CB6A1E98D58200DC3129 /* Products */,
				55BBAB3F83776C871F6647A3 /* Pods */,
				EA68CC2F6452624E4DA29A42 /* Frameworks */,
			);
			sourceTree = "<group>";
		};
		5599CB6A1E98D58200DC3129 /* Products */ = {
			isa = PBXGroup;
			children = (
				5599CB691E98D58200DC3129 /* DCNetwork.framework */,
				5599CBC61E98F06100DC3129 /* DCNetworkDemo.app */,
			);
			name = Products;
			sourceTree = "<group>";
		};
		5599CB6B1E98D58200DC3129 /* DCNetwork */ = {
			isa = PBXGroup;
			children = (
				55A7D243212BCC6100BA508C /* DCBaseRequest.h */,
				55A7D249212BCC6200BA508C /* DCBaseRequest.m */,
				55A7D247212BCC6200BA508C /* DCHTTPRequestSerializer.h */,
				55A7D245212BCC6200BA508C /* DCHTTPRequestSerializer.m */,
				55A7D23F212BCC6100BA508C /* DCHTTPResponseSerializer.h */,
				55A7D244212BCC6200BA508C /* DCHTTPResponseSerializer.m */,
				55A7D24A212BCC6200BA508C /* DCNetwork.h */,
				55A7D240212BCC6100BA508C /* DCRequest.h */,
				55A7D23E212BCC6100BA508C /* DCRequest.m */,
				55A7D241212BCC6100BA508C /* DCRequestCache.h */,
				55A7D246212BCC6200BA508C /* DCRequestCache.m */,
				55A7D24B212BCC6200BA508C /* DCRequestHandler.h */,
				55A7D248212BCC6200BA508C /* DCRequestHandler.m */,
				55A7D242212BCC6100BA508C /* Info.plist */,
			);
			path = DCNetwork;
			sourceTree = "<group>";
		};
		5599CBC71E98F06100DC3129 /* DCNetworkDemo */ = {
			isa = PBXGroup;
			children = (
				5599CBCB1E98F06100DC3129 /* AppDelegate.h */,
				5599CBCC1E98F06100DC3129 /* AppDelegate.m */,
				5599CBCE1E98F06100DC3129 /* ViewController.h */,
				5599CBCF1E98F06100DC3129 /* ViewController.m */,
				5599CBD11E98F06100DC3129 /* Main.storyboard */,
				5599CBD41E98F06100DC3129 /* Assets.xcassets */,
				5599CBD61E98F06100DC3129 /* LaunchScreen.storyboard */,
				5599CBD91E98F06100DC3129 /* Info.plist */,
				5599CBC81E98F06100DC3129 /* Supporting Files */,
			);
			path = DCNetworkDemo;
			sourceTree = "<group>";
		};
		5599CBC81E98F06100DC3129 /* Supporting Files */ = {
			isa = PBXGroup;
			children = (
				5599CBC91E98F06100DC3129 /* main.m */,
			);
			name = "Supporting Files";
			sourceTree = "<group>";
		};
		55BBAB3F83776C871F6647A3 /* Pods */ = {
			isa = PBXGroup;
			children = (
				0D4D2A1B2FEA6B68C2A80C39 /* Pods-DCNetwork.debug.xcconfig */,
				5E02E664B3E6D8C3526E00DD /* Pods-DCNetwork.release.xcconfig */,
			);
			name = Pods;
			sourceTree = "<group>";
		};
		EA68CC2F6452624E4DA29A42 /* Frameworks */ = {
			isa = PBXGroup;
			children = (
				9A7BE0BC9E33BB64FB3C88C8 /* libPods-DCNetwork.a */,
			);
			name = Frameworks;
			sourceTree = "<group>";
		};
/* End PBXGroup section */

/* Begin PBXHeadersBuildPhase section */
		5599CB661E98D58200DC3129 /* Headers */ = {
			isa = PBXHeadersBuildPhase;
			buildActionMask = 2147483647;
			files = (
				55A7D251212BCC6200BA508C /* DCBaseRequest.h in Headers */,
				55A7D24D212BCC6200BA508C /* DCHTTPResponseSerializer.h in Headers */,
				55A7D258212BCC6200BA508C /* DCNetwork.h in Headers */,
				55A7D24E212BCC6200BA508C /* DCRequest.h in Headers */,
				55A7D24F212BCC6200BA508C /* DCRequestCache.h in Headers */,
				55A7D255212BCC6200BA508C /* DCHTTPRequestSerializer.h in Headers */,
				55A7D259212BCC6200BA508C /* DCRequestHandler.h in Headers */,
			);
			runOnlyForDeploymentPostprocessing = 0;
		};
/* End PBXHeadersBuildPhase section */

/* Begin PBXNativeTarget section */
		5599CB681E98D58200DC3129 /* DCNetwork */ = {
			isa = PBXNativeTarget;
			buildConfigurationList = 5599CB711E98D58200DC3129 /* Build configuration list for PBXNativeTarget "DCNetwork" */;
			buildPhases = (
				0F13FCE3072FE820AE35C598 /* [CP] Check Pods Manifest.lock */,
				5599CB641E98D58200DC3129 /* Sources */,
				5599CB651E98D58200DC3129 /* Frameworks */,
				5599CB661E98D58200DC3129 /* Headers */,
				5599CB671E98D58200DC3129 /* Resources */,
			);
			buildRules = (
			);
			dependencies = (
			);
			name = DCNetwork;
			productName = DCNetwork;
			productReference = 5599CB691E98D58200DC3129 /* DCNetwork.framework */;
			productType = "com.apple.product-type.framework";
		};
		5599CBC51E98F06100DC3129 /* DCNetworkDemo */ = {
			isa = PBXNativeTarget;
			buildConfigurationList = 5599CBDC1E98F06100DC3129 /* Build configuration list for PBXNativeTarget "DCNetworkDemo" */;
			buildPhases = (
				5599CBC21E98F06100DC3129 /* Sources */,
				5599CBC31E98F06100DC3129 /* Frameworks */,
				5599CBC41E98F06100DC3129 /* Resources */,
			);
			buildRules = (
			);
			dependencies = (
			);
			name = DCNetworkDemo;
			productName = DCNetworkDemo;
			productReference = 5599CBC61E98F06100DC3129 /* DCNetworkDemo.app */;
			productType = "com.apple.product-type.application";
		};
/* End PBXNativeTarget section */

/* Begin PBXProject section */
		5599CB601E98D58200DC3129 /* Project object */ = {
			isa = PBXProject;
			attributes = {
				LastUpgradeCheck = 0820;
				ORGANIZATIONNAME = quanzhizud2c;
				TargetAttributes = {
					5599CB681E98D58200DC3129 = {
						CreatedOnToolsVersion = 8.2.1;
						DevelopmentTeam = 959Q9RL588;
						ProvisioningStyle = Automatic;
					};
					5599CBC51E98F06100DC3129 = {
						CreatedOnToolsVersion = 8.2.1;
						DevelopmentTeam = 959Q9RL588;
						ProvisioningStyle = Automatic;
					};
				};
			};
			buildConfigurationList = 5599CB631E98D58200DC3129 /* Build configuration list for PBXProject "DCNetwork" */;
			compatibilityVersion = "Xcode 3.2";
			developmentRegion = English;
			hasScannedForEncodings = 0;
			knownRegions = (
				en,
				Base,
			);
			mainGroup = 5599CB5F1E98D58200DC3129;
			productRefGroup = 5599CB6A1E98D58200DC3129 /* Products */;
			projectDirPath = "";
			projectRoot = "";
			targets = (
				5599CB681E98D58200DC3129 /* DCNetwork */,
				5599CBC51E98F06100DC3129 /* DCNetworkDemo */,
			);
		};
/* End PBXProject section */

/* Begin PBXResourcesBuildPhase section */
		5599CB671E98D58200DC3129 /* Resources */ = {
			isa = PBXResourcesBuildPhase;
			buildActionMask = 2147483647;
			files = (
				55A7D250212BCC6200BA508C /* Info.plist in Resources */,
			);
			runOnlyForDeploymentPostprocessing = 0;
		};
		5599CBC41E98F06100DC3129 /* Resources */ = {
			isa = PBXResourcesBuildPhase;
			buildActionMask = 2147483647;
			files = (
				5599CBD81E98F06100DC3129 /* LaunchScreen.storyboard in Resources */,
				5599CBD51E98F06100DC3129 /* Assets.xcassets in Resources */,
				5599CBD31E98F06100DC3129 /* Main.storyboard in Resources */,
			);
			runOnlyForDeploymentPostprocessing = 0;
		};
/* End PBXResourcesBuildPhase section */

/* Begin PBXShellScriptBuildPhase section */
		0F13FCE3072FE820AE35C598 /* [CP] Check Pods Manifest.lock */ = {
			isa = PBXShellScriptBuildPhase;
			buildActionMask = 2147483647;
			files = (
			);
			inputPaths = (
				"${PODS_PODFILE_DIR_PATH}/Podfile.lock",
				"${PODS_ROOT}/Manifest.lock",
			);
			name = "[CP] Check Pods Manifest.lock";
			outputPaths = (
				"$(DERIVED_FILE_DIR)/Pods-DCNetwork-checkManifestLockResult.txt",
			);
			runOnlyForDeploymentPostprocessing = 0;
			shellPath = /bin/sh;
			shellScript = "diff \"${PODS_PODFILE_DIR_PATH}/Podfile.lock\" \"${PODS_ROOT}/Manifest.lock\" > /dev/null\nif [ $? != 0 ] ; then\n    # print error to STDERR\n    echo \"error: The sandbox is not in sync with the Podfile.lock. Run 'pod install' or update your CocoaPods installation.\" >&2\n    exit 1\nfi\n# This output is used by Xcode 'outputs' to avoid re-running this script phase.\necho \"SUCCESS\" > \"${SCRIPT_OUTPUT_FILE_0}\"\n";
			showEnvVarsInLog = 0;
		};
/* End PBXShellScriptBuildPhase section */

/* Begin PBXSourcesBuildPhase section */
		5599CB641E98D58200DC3129 /* Sources */ = {
			isa = PBXSourcesBuildPhase;
			buildActionMask = 2147483647;
			files = (
				55A7D24C212BCC6200BA508C /* DCRequest.m in Sources */,
				55A7D257212BCC6200BA508C /* DCBaseRequest.m in Sources */,
				55A7D253212BCC6200BA508C /* DCHTTPRequestSerializer.m in Sources */,
				55A7D252212BCC6200BA508C /* DCHTTPResponseSerializer.m in Sources */,
				55A7D256212BCC6200BA508C /* DCRequestHandler.m in Sources */,
				55A7D254212BCC6200BA508C /* DCRequestCache.m in Sources */,
			);
			runOnlyForDeploymentPostprocessing = 0;
		};
		5599CBC21E98F06100DC3129 /* Sources */ = {
			isa = PBXSourcesBuildPhase;
			buildActionMask = 2147483647;
			files = (
				5599CBD01E98F06100DC3129 /* ViewController.m in Sources */,
				5599CBCD1E98F06100DC3129 /* AppDelegate.m in Sources */,
				5599CBCA1E98F06100DC3129 /* main.m in Sources */,
			);
			runOnlyForDeploymentPostprocessing = 0;
		};
/* End PBXSourcesBuildPhase section */

/* Begin PBXVariantGroup section */
		5599CBD11E98F06100DC3129 /* Main.storyboard */ = {
			isa = PBXVariantGroup;
			children = (
				5599CBD21E98F06100DC3129 /* Base */,
			);
			name = Main.storyboard;
			sourceTree = "<group>";
		};
		5599CBD61E98F06100DC3129 /* LaunchScreen.storyboard */ = {
			isa = PBXVariantGroup;
			children = (
				5599CBD71E98F06100DC3129 /* Base */,
			);
			name = LaunchScreen.storyboard;
			sourceTree = "<group>";
		};
/* End PBXVariantGroup section */

/* Begin XCBuildConfiguration section */
		5599CB6F1E98D58200DC3129 /* Debug */ = {
			isa = XCBuildConfiguration;
			buildSettings = {
				ALWAYS_SEARCH_USER_PATHS = NO;
				CLANG_ANALYZER_NONNULL = YES;
				CLANG_CXX_LANGUAGE_STANDARD = "gnu++0x";
				CLANG_CXX_LIBRARY = "libc++";
				CLANG_ENABLE_MODULES = YES;
				CLANG_ENABLE_OBJC_ARC = YES;
				CLANG_WARN_BOOL_CONVERSION = YES;
				CLANG_WARN_CONSTANT_CONVERSION = YES;
				CLANG_WARN_DIRECT_OBJC_ISA_USAGE = YES_ERROR;
				CLANG_WARN_DOCUMENTATION_COMMENTS = YES;
				CLANG_WARN_EMPTY_BODY = YES;
				CLANG_WARN_ENUM_CONVERSION = YES;
				CLANG_WARN_INFINITE_RECURSION = YES;
				CLANG_WARN_INT_CONVERSION = YES;
				CLANG_WARN_OBJC_ROOT_CLASS = YES_ERROR;
				CLANG_WARN_SUSPICIOUS_MOVE = YES;
				CLANG_WARN_UNREACHABLE_CODE = YES;
				CLANG_WARN__DUPLICATE_METHOD_MATCH = YES;
				"CODE_SIGN_IDENTITY[sdk=iphoneos*]" = "iPhone Developer";
				COPY_PHASE_STRIP = NO;
				CURRENT_PROJECT_VERSION = 1;
				DEBUG_INFORMATION_FORMAT = dwarf;
				ENABLE_STRICT_OBJC_MSGSEND = YES;
				ENABLE_TESTABILITY = YES;
				GCC_C_LANGUAGE_STANDARD = gnu99;
				GCC_DYNAMIC_NO_PIC = NO;
				GCC_NO_COMMON_BLOCKS = YES;
				GCC_OPTIMIZATION_LEVEL = 0;
				GCC_PREPROCESSOR_DEFINITIONS = (
					"DEBUG=1",
					"$(inherited)",
				);
				GCC_WARN_64_TO_32_BIT_CONVERSION = YES;
				GCC_WARN_ABOUT_RETURN_TYPE = YES_ERROR;
				GCC_WARN_UNDECLARED_SELECTOR = YES;
				GCC_WARN_UNINITIALIZED_AUTOS = YES_AGGRESSIVE;
				GCC_WARN_UNUSED_FUNCTION = YES;
				GCC_WARN_UNUSED_VARIABLE = YES;
				IPHONEOS_DEPLOYMENT_TARGET = 10.2;
				MTL_ENABLE_DEBUG_INFO = YES;
				ONLY_ACTIVE_ARCH = YES;
				SDKROOT = iphoneos;
				TARGETED_DEVICE_FAMILY = "1,2";
				VERSIONING_SYSTEM = "apple-generic";
				VERSION_INFO_PREFIX = "";
			};
			name = Debug;
		};
		5599CB701E98D58200DC3129 /* Release */ = {
			isa = XCBuildConfiguration;
			buildSettings = {
				ALWAYS_SEARCH_USER_PATHS = NO;
				CLANG_ANALYZER_NONNULL = YES;
				CLANG_CXX_LANGUAGE_STANDARD = "gnu++0x";
				CLANG_CXX_LIBRARY = "libc++";
				CLANG_ENABLE_MODULES = YES;
				CLANG_ENABLE_OBJC_ARC = YES;
				CLANG_WARN_BOOL_CONVERSION = YES;
				CLANG_WARN_CONSTANT_CONVERSION = YES;
				CLANG_WARN_DIRECT_OBJC_ISA_USAGE = YES_ERROR;
				CLANG_WARN_DOCUMENTATION_COMMENTS = YES;
				CLANG_WARN_EMPTY_BODY = YES;
				CLANG_WARN_ENUM_CONVERSION = YES;
				CLANG_WARN_INFINITE_RECURSION = YES;
				CLANG_WARN_INT_CONVERSION = YES;
				CLANG_WARN_OBJC_ROOT_CLASS = YES_ERROR;
				CLANG_WARN_SUSPICIOUS_MOVE = YES;
				CLANG_WARN_UNREACHABLE_CODE = YES;
				CLANG_WARN__DUPLICATE_METHOD_MATCH = YES;
				"CODE_SIGN_IDENTITY[sdk=iphoneos*]" = "iPhone Developer";
				COPY_PHASE_STRIP = NO;
				CURRENT_PROJECT_VERSION = 1;
				DEBUG_INFORMATION_FORMAT = "dwarf-with-dsym";
				ENABLE_NS_ASSERTIONS = NO;
				ENABLE_STRICT_OBJC_MSGSEND = YES;
				GCC_C_LANGUAGE_STANDARD = gnu99;
				GCC_NO_COMMON_BLOCKS = YES;
				GCC_WARN_64_TO_32_BIT_CONVERSION = YES;
				GCC_WARN_ABOUT_RETURN_TYPE = YES_ERROR;
				GCC_WARN_UNDECLARED_SELECTOR = YES;
				GCC_WARN_UNINITIALIZED_AUTOS = YES_AGGRESSIVE;
				GCC_WARN_UNUSED_FUNCTION = YES;
				GCC_WARN_UNUSED_VARIABLE = YES;
				IPHONEOS_DEPLOYMENT_TARGET = 10.2;
				MTL_ENABLE_DEBUG_INFO = NO;
				SDKROOT = iphoneos;
				TARGETED_DEVICE_FAMILY = "1,2";
				VALIDATE_PRODUCT = YES;
				VERSIONING_SYSTEM = "apple-generic";
				VERSION_INFO_PREFIX = "";
			};
			name = Release;
		};
		5599CB721E98D58200DC3129 /* Debug */ = {
			isa = XCBuildConfiguration;
			baseConfigurationReference = 0D4D2A1B2FEA6B68C2A80C39 /* Pods-DCNetwork.debug.xcconfig */;
			buildSettings = {
				CODE_SIGN_IDENTITY = "";
				DEFINES_MODULE = YES;
				DEVELOPMENT_TEAM = 959Q9RL588;
				DYLIB_COMPATIBILITY_VERSION = 1;
				DYLIB_CURRENT_VERSION = 1;
				DYLIB_INSTALL_NAME_BASE = "@rpath";
				INFOPLIST_FILE = DCNetwork/Info.plist;
				INSTALL_PATH = "$(LOCAL_LIBRARY_DIR)/Frameworks";
				IPHONEOS_DEPLOYMENT_TARGET = 8.0;
				LD_RUNPATH_SEARCH_PATHS = "$(inherited) @executable_path/Frameworks @loader_path/Frameworks";
				PRODUCT_BUNDLE_IDENTIFIER = "-11.DCNetwork";
				PRODUCT_NAME = "$(TARGET_NAME)";
				SKIP_INSTALL = YES;
			};
			name = Debug;
		};
		5599CB731E98D58200DC3129 /* Release */ = {
			isa = XCBuildConfiguration;
			baseConfigurationReference = 5E02E664B3E6D8C3526E00DD /* Pods-DCNetwork.release.xcconfig */;
			buildSettings = {
				CODE_SIGN_IDENTITY = "";
				DEFINES_MODULE = YES;
				DEVELOPMENT_TEAM = 959Q9RL588;
				DYLIB_COMPATIBILITY_VERSION = 1;
				DYLIB_CURRENT_VERSION = 1;
				DYLIB_INSTALL_NAME_BASE = "@rpath";
				INFOPLIST_FILE = DCNetwork/Info.plist;
				INSTALL_PATH = "$(LOCAL_LIBRARY_DIR)/Frameworks";
				IPHONEOS_DEPLOYMENT_TARGET = 8.0;
				LD_RUNPATH_SEARCH_PATHS = "$(inherited) @executable_path/Frameworks @loader_path/Frameworks";
				PRODUCT_BUNDLE_IDENTIFIER = "-11.DCNetwork";
				PRODUCT_NAME = "$(TARGET_NAME)";
				SKIP_INSTALL = YES;
			};
			name = Release;
		};
		5599CBDA1E98F06100DC3129 /* Debug */ = {
			isa = XCBuildConfiguration;
			buildSettings = {
				ASSETCATALOG_COMPILER_APPICON_NAME = AppIcon;
				DEVELOPMENT_TEAM = 959Q9RL588;
				INFOPLIST_FILE = DCNetworkDemo/Info.plist;
				IPHONEOS_DEPLOYMENT_TARGET = 8.0;
				LD_RUNPATH_SEARCH_PATHS = "$(inherited) @executable_path/Frameworks";
				PRODUCT_BUNDLE_IDENTIFIER = "-11.DCNetworkDemo";
				PRODUCT_NAME = "$(TARGET_NAME)";
			};
			name = Debug;
		};
		5599CBDB1E98F06100DC3129 /* Release */ = {
			isa = XCBuildConfiguration;
			buildSettings = {
				ASSETCATALOG_COMPILER_APPICON_NAME = AppIcon;
				DEVELOPMENT_TEAM = 959Q9RL588;
				INFOPLIST_FILE = DCNetworkDemo/Info.plist;
				IPHONEOS_DEPLOYMENT_TARGET = 8.0;
				LD_RUNPATH_SEARCH_PATHS = "$(inherited) @executable_path/Frameworks";
				PRODUCT_BUNDLE_IDENTIFIER = "-11.DCNetworkDemo";
				PRODUCT_NAME = "$(TARGET_NAME)";
			};
			name = Release;
		};
/* End XCBuildConfiguration section */

/* Begin XCConfigurationList section */
		5599CB631E98D58200DC3129 /* Build configuration list for PBXProject "DCNetwork" */ = {
			isa = XCConfigurationList;
			buildConfigurations = (
				5599CB6F1E98D58200DC3129 /* Debug */,
				5599CB701E98D58200DC3129 /* Release */,
			);
			defaultConfigurationIsVisible = 0;
			defaultConfigurationName = Release;
		};
		5599CB711E98D58200DC3129 /* Build configuration list for PBXNativeTarget "DCNetwork" */ = {
			isa = XCConfigurationList;
			buildConfigurations = (
				5599CB721E98D58200DC3129 /* Debug */,
				5599CB731E98D58200DC3129 /* Release */,
			);
			defaultConfigurationIsVisible = 0;
			defaultConfigurationName = Release;
		};
		5599CBDC1E98F06100DC3129 /* Build configuration list for PBXNativeTarget "DCNetworkDemo" */ = {
			isa = XCConfigurationList;
			buildConfigurations = (
				5599CBDA1E98F06100DC3129 /* Debug */,
				5599CBDB1E98F06100DC3129 /* Release */,
			);
			defaultConfigurationIsVisible = 0;
			defaultConfigurationName = Release;
		};
/* End XCConfigurationList section */
	};
	rootObject = 5599CB601E98D58200DC3129 /* Project object */;
}
